
Microsoft Visual Studio Solution File, Format Version 12.00
# Visual Studio 14
VisualStudioVersion = 14.0.25420.1
MinimumVisualStudioVersion = 10.0.40219.1
Project("{FAE04EC0-301F-11D3-BF4B-00C04F79EFBC}") = "RabbitMQIntro", "RabbitMQIntro\RabbitMQIntro.csproj", "{91DF8B1F-A725-43DD-BA39-0D5FDDF9A8BA}"
EndProject
Project("{2150E333-8FDC-42A3-9474-1A3956D46DE8}") = "SolutionItems", "SolutionItems", "{6984BD69-2BF8-4F81-950A-A480FCF40A2D}"
	ProjectSection(SolutionItems) = preProject
		RabbitMQ.Client.dll = RabbitMQ.Client.dll
		SetupRabbitMQ.bat = SetupRabbitMQ.bat
		SetupRabbitMQ.ps1 = SetupRabbitMQ.ps1
	EndProjectSection
EndProject
Global
	GlobalSection(SolutionConfigurationPlatforms) = preSolution
		Debug|Any CPU = Debug|Any CPU
		Release|Any CPU = Release|Any CPU
	EndGlobalSection
	GlobalSection(ProjectConfigurationPlatforms) = postSolution
		{91DF8B1F-A725-43DD-BA39-0D5FDDF9A8BA}.Debug|Any CPU.ActiveCfg = Debug|Any CPU
		{91DF8B1F-A725-43DD-BA39-0D5FDDF9A8BA}.Debug|Any CPU.Build.0 = Debug|Any CPU
		{91DF8B1F-A725-43DD-BA39-0D5FDDF9A8BA}.Release|Any CPU.ActiveCfg = Release|Any CPU
		{91DF8B1F-A725-43DD-BA39-0D5FDDF9A8BA}.Release|Any CPU.Build.0 = Release|Any CPU
	EndGlobalSection
	GlobalSection(SolutionProperties) = preSolution
		HideSolutionNode = FALSE
	EndGlobalSection
EndGlobal
